
Microsoft Visual Studio Solution File, Format Version 12.00
# Visual Studio Version 16
VisualStudioVersion = 16.0.30104.148
MinimumVisualStudioVersion = 10.0.40219.1
Project("{FAE04EC0-301F-11D3-BF4B-00C04F79EFBC}") = "KASSSATestTask", "KASSSATestTask.csproj", "{B708C74E-9DE6-402F-BFE2-11202EDE3F8E}"
EndProject
Global
	GlobalSection(SolutionConfigurationPlatforms) = preSolution
		Debug|Any CPU = Debug|Any CPU
		Release|Any CPU = Release|Any CPU
	EndGlobalSection
	GlobalSection(ProjectConfigurationPlatforms) = postSolution
		{B708C74E-9DE6-402F-BFE2-11202EDE3F8E}.Debug|Any CPU.ActiveCfg = Debug|Any CPU
		{B708C74E-9DE6-402F-BFE2-11202EDE3F8E}.Debug|Any CPU.Build.0 = Debug|Any CPU
		{B708C74E-9DE6-402F-BFE2-11202EDE3F8E}.Release|Any CPU.ActiveCfg = Release|Any CPU
		{B708C74E-9DE6-402F-BFE2-11202EDE3F8E}.Release|Any CPU.Build.0 = Release|Any CPU
	EndGlobalSection
	GlobalSection(SolutionProperties) = preSolution
		HideSolutionNode = FALSE
	EndGlobalSection
	GlobalSection(ExtensibilityGlobals) = postSolution
		SolutionGuid = {61D10982-C405-4FC5-B54B-431B77742B1E}
	EndGlobalSection
EndGlobal
